
Microsoft Visual Studio Solution File, Format Version 12.00
# Visual Studio Version 16
VisualStudioVersion = 16.0.32929.386
MinimumVisualStudioVersion = 10.0.40219.1
Project("{FAE04EC0-301F-11D3-BF4B-00C04F79EFBC}") = "BaiTapLab", "BaiTapLab\BaiTapLab.csproj", "{841843EA-D1E5-442A-9EE7-3A5E4338DEF6}"
EndProject
Global
	GlobalSection(SolutionConfigurationPlatforms) = preSolution
		Debug|Any CPU = Debug|Any CPU
		Release|Any CPU = Release|Any CPU
	EndGlobalSection
	GlobalSection(ProjectConfigurationPlatforms) = postSolution
		{841843EA-D1E5-442A-9EE7-3A5E4338DEF6}.Debug|Any CPU.ActiveCfg = Debug|Any CPU
		{841843EA-D1E5-442A-9EE7-3A5E4338DEF6}.Debug|Any CPU.Build.0 = Debug|Any CPU
		{841843EA-D1E5-442A-9EE7-3A5E4338DEF6}.Release|Any CPU.ActiveCfg = Release|Any CPU
		{841843EA-D1E5-442A-9EE7-3A5E4338DEF6}.Release|Any CPU.Build.0 = Release|Any CPU
	EndGlobalSection
	GlobalSection(SolutionProperties) = preSolution
		HideSolutionNode = FALSE
	EndGlobalSection
	GlobalSection(ExtensibilityGlobals) = postSolution
		SolutionGuid = {249D9923-23D9-4077-833E-9EF7DC50BE73}
	EndGlobalSection
EndGlobal
